// !$*UTF8*$!
{
	archiveVersion = 1;
	classes = {
	};
	objectVersion = 50;
	objects = {

/* Begin PBXBuildFile section */
		C33AD739264B6D1400AD8BBC /* Order_and_ExpenseApp.swift in Sources */ = {isa = PBXBuildFile; fileRef = C33AD738264B6D1400AD8BBC /* Order_and_ExpenseApp.swift */; };
		C33AD73B264B6D1400AD8BBC /* ContentView.swift in Sources */ = {isa = PBXBuildFile; fileRef = C33AD73A264B6D1400AD8BBC /* ContentView.swift */; };
		C33AD73D264B6D1500AD8BBC /* Assets.xcassets in Resources */ = {isa = PBXBuildFile; fileRef = C33AD73C264B6D1500AD8BBC /* Assets.xcassets */; };
		C33AD740264B6D1500AD8BBC /* Preview Assets.xcassets in Resources */ = {isa = PBXBuildFile; fileRef = C33AD73F264B6D1500AD8BBC /* Preview Assets.xcassets */; };
		C33AD74B264B6D1600AD8BBC /* Order_and_ExpenseTests.swift in Sources */ = {isa = PBXBuildFile; fileRef = C33AD74A264B6D1600AD8BBC /* Order_and_ExpenseTests.swift */; };
		C33AD756264B6D1600AD8BBC /* Order_and_ExpenseUITests.swift in Sources */ = {isa = PBXBuildFile; fileRef = C33AD755264B6D1600AD8BBC /* Order_and_ExpenseUITests.swift */; };
		C33AD764264B6D8900AD8BBC /* AddView.swift in Sources */ = {isa = PBXBuildFile; fileRef = C33AD763264B6D8900AD8BBC /* AddView.swift */; };
		C33AD766264B6DBE00AD8BBC /* AddressView.swift in Sources */ = {isa = PBXBuildFile; fileRef = C33AD765264B6DBE00AD8BBC /* AddressView.swift */; };
		C33AD768264B6E0F00AD8BBC /* Order.swift in Sources */ = {isa = PBXBuildFile; fileRef = C33AD767264B6E0F00AD8BBC /* Order.swift */; };
		C33AD76A264B6EA000AD8BBC /* OrderView.swift in Sources */ = {isa = PBXBuildFile; fileRef = C33AD769264B6EA000AD8BBC /* OrderView.swift */; };
		C33AD76C264B6EDD00AD8BBC /* ExpenseView.swift in Sources */ = {isa = PBXBuildFile; fileRef = C33AD76B264B6EDD00AD8BBC /* ExpenseView.swift */; };
/* End PBXBuildFile section */

/* Begin PBXContainerItemProxy section */
		C33AD747264B6D1600AD8BBC /* PBXContainerItemProxy */ = {
			isa = PBXContainerItemProxy;
			containerPortal = C33AD72D264B6D1400AD8BBC /* Project object */;
			proxyType = 1;
			remoteGlobalIDString = C33AD734264B6D1400AD8BBC;
			remoteInfo = "Order and Expense";
		};
		C33AD752264B6D1600AD8BBC /* PBXContainerItemProxy */ = {
			isa = PBXContainerItemProxy;
			containerPortal = C33AD72D264B6D1400AD8BBC /* Project object */;
			proxyType = 1;
			remoteGlobalIDString = C33AD734264B6D1400AD8BBC;
			remoteInfo = "Order and Expense";
		};
/* End PBXContainerItemProxy section */

/* Begin PBXFileReference section */
		C33AD735264B6D1400AD8BBC /* Order and Expense.app */ = {isa = PBXFileReference; explicitFileType = wrapper.application; includeInIndex = 0; path = "Order and Expense.app"; sourceTree = BUILT_PRODUCTS_DIR; };
		C33AD738264B6D1400AD8BBC /* Order_and_ExpenseApp.swift */ = {isa = PBXFileReference; lastKnownFileType = sourcecode.swift; path = Order_and_ExpenseApp.swift; sourceTree = "<group>"; };
		C33AD73A264B6D1400AD8BBC /* ContentView.swift */ = {isa = PBXFileReference; lastKnownFileType = sourcecode.swift; path = ContentView.swift; sourceTree = "<group>"; };
		C33AD73C264B6D1500AD8BBC /* Assets.xcassets */ = {isa = PBXFileReference; lastKnownFileType = folder.assetcatalog; path = Assets.xcassets; sourceTree = "<group>"; };
		C33AD73F264B6D1500AD8BBC /* Preview Assets.xcassets */ = {isa = PBXFileReference; lastKnownFileType = folder.assetcatalog; path = "Preview Assets.xcassets"; sourceTree = "<group>"; };
		C33AD741264B6D1500AD8BBC /* Info.plist */ = {isa = PBXFileReference; lastKnownFileType = text.plist.xml; path = Info.plist; sourceTree = "<group>"; };
		C33AD746264B6D1600AD8BBC /* Order and ExpenseTests.xctest */ = {isa = PBXFileReference; explicitFileType = wrapper.cfbundle; includeInIndex = 0; path = "Order and ExpenseTests.xctest"; sourceTree = BUILT_PRODUCTS_DIR; };
		C33AD74A264B6D1600AD8BBC /* Order_and_ExpenseTests.swift */ = {isa = PBXFileReference; lastKnownFileType = sourcecode.swift; path = Order_and_ExpenseTests.swift; sourceTree = "<group>"; };
		C33AD74C264B6D1600AD8BBC /* Info.plist */ = {isa = PBXFileReference; lastKnownFileType = text.plist.xml; path = Info.plist; sourceTree = "<group>"; };
		C33AD751264B6D1600AD8BBC /* Order and ExpenseUITests.xctest */ = {isa = PBXFileReference; explicitFileType = wrapper.cfbundle; includeInIndex = 0; path = "Order and ExpenseUITests.xctest"; sourceTree = BUILT_PRODUCTS_DIR; };
		C33AD755264B6D1600AD8BBC /* Order_and_ExpenseUITests.swift */ = {isa = PBXFileReference; lastKnownFileType = sourcecode.swift; path = Order_and_ExpenseUITests.swift; sourceTree = "<group>"; };
		C33AD757264B6D1600AD8BBC /* Info.plist */ = {isa = PBXFileReference; lastKnownFileType = text.plist.xml; path = Info.plist; sourceTree = "<group>"; };
		C33AD763264B6D8900AD8BBC /* AddView.swift */ = {isa = PBXFileReference; lastKnownFileType = sourcecode.swift; path = AddView.swift; sourceTree = "<group>"; };
		C33AD765264B6DBE00AD8BBC /* AddressView.swift */ = {isa = PBXFileReference; lastKnownFileType = sourcecode.swift; path = AddressView.swift; sourceTree = "<group>"; };
		C33AD767264B6E0F00AD8BBC /* Order.swift */ = {isa = PBXFileReference; lastKnownFileType = sourcecode.swift; path = Order.swift; sourceTree = "<group>"; };
		C33AD769264B6EA000AD8BBC /* OrderView.swift */ = {isa = PBXFileReference; lastKnownFileType = sourcecode.swift; path = OrderView.swift; sourceTree = "<group>"; };
		C33AD76B264B6EDD00AD8BBC /* ExpenseView.swift */ = {isa = PBXFileReference; lastKnownFileType = sourcecode.swift; path = ExpenseView.swift; sourceTree = "<group>"; };
/* End PBXFileReference section */

/* Begin PBXFrameworksBuildPhase section */
		C33AD732264B6D1400AD8BBC /* Frameworks */ = {
			isa = PBXFrameworksBuildPhase;
			buildActionMask = 2147483647;
			files = (
			);
			runOnlyForDeploymentPostprocessing = 0;
		};
		C33AD743264B6D1600AD8BBC /* Frameworks */ = {
			isa = PBXFrameworksBuildPhase;
			buildActionMask = 2147483647;
			files = (
			);
			runOnlyForDeploymentPostprocessing = 0;
		};
		C33AD74E264B6D1600AD8BBC /* Frameworks */ = {
			isa = PBXFrameworksBuildPhase;
			buildActionMask = 2147483647;
			files = (
			);
			runOnlyForDeploymentPostprocessing = 0;
		};
/* End PBXFrameworksBuildPhase section */

/* Begin PBXGroup section */
		C33AD72C264B6D1400AD8BBC = {
			isa = PBXGroup;
			children = (
				C33AD737264B6D1400AD8BBC /* Order and Expense */,
				C33AD749264B6D1600AD8BBC /* Order and ExpenseTests */,
				C33AD754264B6D1600AD8BBC /* Order and ExpenseUITests */,
				C33AD736264B6D1400AD8BBC /* Products */,
			);
			sourceTree = "<group>";
		};
		C33AD736264B6D1400AD8BBC /* Products */ = {
			isa = PBXGroup;
			children = (
				C33AD735264B6D1400AD8BBC /* Order and Expense.app */,
				C33AD746264B6D1600AD8BBC /* Order and ExpenseTests.xctest */,
				C33AD751264B6D1600AD8BBC /* Order and ExpenseUITests.xctest */,
			);
			name = Products;
			sourceTree = "<group>";
		};
		C33AD737264B6D1400AD8BBC /* Order and Expense */ = {
			isa = PBXGroup;
			children = (
				C33AD738264B6D1400AD8BBC /* Order_and_ExpenseApp.swift */,
				C33AD73A264B6D1400AD8BBC /* ContentView.swift */,
				C33AD769264B6EA000AD8BBC /* OrderView.swift */,
				C33AD763264B6D8900AD8BBC /* AddView.swift */,
				C33AD76B264B6EDD00AD8BBC /* ExpenseView.swift */,
				C33AD765264B6DBE00AD8BBC /* AddressView.swift */,
				C33AD767264B6E0F00AD8BBC /* Order.swift */,
				C33AD73C264B6D1500AD8BBC /* Assets.xcassets */,
				C33AD741264B6D1500AD8BBC /* Info.plist */,
				C33AD73E264B6D1500AD8BBC /* Preview Content */,
			);
			path = "Order and Expense";
			sourceTree = "<group>";
		};
		C33AD73E264B6D1500AD8BBC /* Preview Content */ = {
			isa = PBXGroup;
			children = (
				C33AD73F264B6D1500AD8BBC /* Preview Assets.xcassets */,
			);
			path = "Preview Content";
			sourceTree = "<group>";
		};
		C33AD749264B6D1600AD8BBC /* Order and ExpenseTests */ = {
			isa = PBXGroup;
			children = (
				C33AD74A264B6D1600AD8BBC /* Order_and_ExpenseTests.swift */,
				C33AD74C264B6D1600AD8BBC /* Info.plist */,
			);
			path = "Order and ExpenseTests";
			sourceTree = "<group>";
		};
		C33AD754264B6D1600AD8BBC /* Order and ExpenseUITests */ = {
			isa = PBXGroup;
			children = (
				C33AD755264B6D1600AD8BBC /* Order_and_ExpenseUITests.swift */,
				C33AD757264B6D1600AD8BBC /* Info.plist */,
			);
			path = "Order and ExpenseUITests";
			sourceTree = "<group>";
		};
/* End PBXGroup section */

/* Begin PBXNativeTarget section */
		C33AD734264B6D1400AD8BBC /* Order and Expense */ = {
			isa = PBXNativeTarget;
			buildConfigurationList = C33AD75A264B6D1600AD8BBC /* Build configuration list for PBXNativeTarget "Order and Expense" */;
			buildPhases = (
				C33AD731264B6D1400AD8BBC /* Sources */,
				C33AD732264B6D1400AD8BBC /* Frameworks */,
				C33AD733264B6D1400AD8BBC /* Resources */,
			);
			buildRules = (
			);
			dependencies = (
			);
			name = "Order and Expense";
			productName = "Order and Expense";
			productReference = C33AD735264B6D1400AD8BBC /* Order and Expense.app */;
			productType = "com.apple.product-type.application";
		};
		C33AD745264B6D1600AD8BBC /* Order and ExpenseTests */ = {
			isa = PBXNativeTarget;
			buildConfigurationList = C33AD75D264B6D1600AD8BBC /* Build configuration list for PBXNativeTarget "Order and ExpenseTests" */;
			buildPhases = (
				C33AD742264B6D1600AD8BBC /* Sources */,
				C33AD743264B6D1600AD8BBC /* Frameworks */,
				C33AD744264B6D1600AD8BBC /* Resources */,
			);
			buildRules = (
			);
			dependencies = (
				C33AD748264B6D1600AD8BBC /* PBXTargetDependency */,
			);
			name = "Order and ExpenseTests";
			productName = "Order and ExpenseTests";
			productReference = C33AD746264B6D1600AD8BBC /* Order and ExpenseTests.xctest */;
			productType = "com.apple.product-type.bundle.unit-test";
		};
		C33AD750264B6D1600AD8BBC /* Order and ExpenseUITests */ = {
			isa = PBXNativeTarget;
			buildConfigurationList = C33AD760264B6D1600AD8BBC /* Build configuration list for PBXNativeTarget "Order and ExpenseUITests" */;
			buildPhases = (
				C33AD74D264B6D1600AD8BBC /* Sources */,
				C33AD74E264B6D1600AD8BBC /* Frameworks */,
				C33AD74F264B6D1600AD8BBC /* Resources */,
			);
			buildRules = (
			);
			dependencies = (
				C33AD753264B6D1600AD8BBC /* PBXTargetDependency */,
			);
			name = "Order and ExpenseUITests";
			productName = "Order and ExpenseUITests";
			productReference = C33AD751264B6D1600AD8BBC /* Order and ExpenseUITests.xctest */;
			productType = "com.apple.product-type.bundle.ui-testing";
		};
/* End PBXNativeTarget section */

/* Begin PBXProject section */
		C33AD72D264B6D1400AD8BBC /* Project object */ = {
			isa = PBXProject;
			attributes = {
				LastSwiftUpdateCheck = 1250;
				LastUpgradeCheck = 1250;
				TargetAttributes = {
					C33AD734264B6D1400AD8BBC = {
						CreatedOnToolsVersion = 12.5;
					};
					C33AD745264B6D1600AD8BBC = {
						CreatedOnToolsVersion = 12.5;
						TestTargetID = C33AD734264B6D1400AD8BBC;
					};
					C33AD750264B6D1600AD8BBC = {
						CreatedOnToolsVersion = 12.5;
						TestTargetID = C33AD734264B6D1400AD8BBC;
					};
				};
			};
			buildConfigurationList = C33AD730264B6D1400AD8BBC /* Build configuration list for PBXProject "Order and Expense" */;
			compatibilityVersion = "Xcode 9.3";
			developmentRegion = en;
			hasScannedForEncodings = 0;
			knownRegions = (
				en,
				Base,
			);
			mainGroup = C33AD72C264B6D1400AD8BBC;
			productRefGroup = C33AD736264B6D1400AD8BBC /* Products */;
			projectDirPath = "";
			projectRoot = "";
			targets = (
				C33AD734264B6D1400AD8BBC /* Order and Expense */,
				C33AD745264B6D1600AD8BBC /* Order and ExpenseTests */,
				C33AD750264B6D1600AD8BBC /* Order and ExpenseUITests */,
			);
		};
/* End PBXProject section */

/* Begin PBXResourcesBuildPhase section */
		C33AD733264B6D1400AD8BBC /* Resources */ = {
			isa = PBXResourcesBuildPhase;
			buildActionMask = 2147483647;
			files = (
				C33AD740264B6D1500AD8BBC /* Preview Assets.xcassets in Resources */,
				C33AD73D264B6D1500AD8BBC /* Assets.xcassets in Resources */,
			);
			runOnlyForDeploymentPostprocessing = 0;
		};
		C33AD744264B6D1600AD8BBC /* Resources */ = {
			isa = PBXResourcesBuildPhase;
			buildActionMask = 2147483647;
			files = (
			);
			runOnlyForDeploymentPostprocessing = 0;
		};
		C33AD74F264B6D1600AD8BBC /* Resources */ = {
			isa = PBXResourcesBuildPhase;
			buildActionMask = 2147483647;
			files = (
			);
			runOnlyForDeploymentPostprocessing = 0;
		};
/* End PBXResourcesBuildPhase section */

/* Begin PBXSourcesBuildPhase section */
		C33AD731264B6D1400AD8BBC /* Sources */ = {
			isa = PBXSourcesBuildPhase;
			buildActionMask = 2147483647;
			files = (
				C33AD73B264B6D1400AD8BBC /* ContentView.swift in Sources */,
				C33AD766264B6DBE00AD8BBC /* AddressView.swift in Sources */,
				C33AD768264B6E0F00AD8BBC /* Order.swift in Sources */,
				C33AD76C264B6EDD00AD8BBC /* ExpenseView.swift in Sources */,
				C33AD76A264B6EA000AD8BBC /* OrderView.swift in Sources */,
				C33AD739264B6D1400AD8BBC /* Order_and_ExpenseApp.swift in Sources */,
				C33AD764264B6D8900AD8BBC /* AddView.swift in Sources */,
			);
			runOnlyForDeploymentPostprocessing = 0;
		};
		C33AD742264B6D1600AD8BBC /* Sources */ = {
			isa = PBXSourcesBuildPhase;
			buildActionMask = 2147483647;
			files = (
				C33AD74B264B6D1600AD8BBC /* Order_and_ExpenseTests.swift in Sources */,
			);
			runOnlyForDeploymentPostprocessing = 0;
		};
		C33AD74D264B6D1600AD8BBC /* Sources */ = {
			isa = PBXSourcesBuildPhase;
			buildActionMask = 2147483647;
			files = (
				C33AD756264B6D1600AD8BBC /* Order_and_ExpenseUITests.swift in Sources */,
			);
			runOnlyForDeploymentPostprocessing = 0;
		};
/* End PBXSourcesBuildPhase section */

/* Begin PBXTargetDependency section */
		C33AD748264B6D1600AD8BBC /* PBXTargetDependency */ = {
			isa = PBXTargetDependency;
			target = C33AD734264B6D1400AD8BBC /* Order and Expense */;
			targetProxy = C33AD747264B6D1600AD8BBC /* PBXContainerItemProxy */;
		};
		C33AD753264B6D1600AD8BBC /* PBXTargetDependency */ = {
			isa = PBXTargetDependency;
			target = C33AD734264B6D1400AD8BBC /* Order and Expense */;
			targetProxy = C33AD752264B6D1600AD8BBC /* PBXContainerItemProxy */;
		};
/* End PBXTargetDependency section */

/* Begin XCBuildConfiguration section */
		C33AD758264B6D1600AD8BBC /* Debug */ = {
			isa = XCBuildConfiguration;
			buildSettings = {
				ALWAYS_SEARCH_USER_PATHS = NO;
				CLANG_ANALYZER_NONNULL = YES;
				CLANG_ANALYZER_NUMBER_OBJECT_CONVERSION = YES_AGGRESSIVE;
				CLANG_CXX_LANGUAGE_STANDARD = "gnu++14";
				CLANG_CXX_LIBRARY = "libc++";
				CLANG_ENABLE_MODULES = YES;
				CLANG_ENABLE_OBJC_ARC = YES;
				CLANG_ENABLE_OBJC_WEAK = YES;
				CLANG_WARN_BLOCK_CAPTURE_AUTORELEASING = YES;
				CLANG_WARN_BOOL_CONVERSION = YES;
				CLANG_WARN_COMMA = YES;
				CLANG_WARN_CONSTANT_CONVERSION = YES;
				CLANG_WARN_DEPRECATED_OBJC_IMPLEMENTATIONS = YES;
				CLANG_WARN_DIRECT_OBJC_ISA_USAGE = YES_ERROR;
				CLANG_WARN_DOCUMENTATION_COMMENTS = YES;
				CLANG_WARN_EMPTY_BODY = YES;
				CLANG_WARN_ENUM_CONVERSION = YES;
				CLANG_WARN_INFINITE_RECURSION = YES;
				CLANG_WARN_INT_CONVERSION = YES;
				CLANG_WARN_NON_LITERAL_NULL_CONVERSION = YES;
				CLANG_WARN_OBJC_IMPLICIT_RETAIN_SELF = YES;
				CLANG_WARN_OBJC_LITERAL_CONVERSION = YES;
				CLANG_WARN_OBJC_ROOT_CLASS = YES_ERROR;
				CLANG_WARN_QUOTED_INCLUDE_IN_FRAMEWORK_HEADER = YES;
				CLANG_WARN_RANGE_LOOP_ANALYSIS = YES;
				CLANG_WARN_STRICT_PROTOTYPES = YES;
				CLANG_WARN_SUSPICIOUS_MOVE = YES;
				CLANG_WARN_UNGUARDED_AVAILABILITY = YES_AGGRESSIVE;
				CLANG_WARN_UNREACHABLE_CODE = YES;
				CLANG_WARN__DUPLICATE_METHOD_MATCH = YES;
				COPY_PHASE_STRIP = NO;
				DEBUG_INFORMATION_FORMAT = dwarf;
				ENABLE_STRICT_OBJC_MSGSEND = YES;
				ENABLE_TESTABILITY = YES;
				GCC_C_LANGUAGE_STANDARD = gnu11;
				GCC_DYNAMIC_NO_PIC = NO;
				GCC_NO_COMMON_BLOCKS = YES;
				GCC_OPTIMIZATION_LEVEL = 0;
				GCC_PREPROCESSOR_DEFINITIONS = (
					"DEBUG=1",
					"$(inherited)",
				);
				GCC_WARN_64_TO_32_BIT_CONVERSION = YES;
				GCC_WARN_ABOUT_RETURN_TYPE = YES_ERROR;
				GCC_WARN_UNDECLARED_SELECTOR = YES;
				GCC_WARN_UNINITIALIZED_AUTOS = YES_AGGRESSIVE;
				GCC_WARN_UNUSED_FUNCTION = YES;
				GCC_WARN_UNUSED_VARIABLE = YES;
				IPHONEOS_DEPLOYMENT_TARGET = 14.5;
				MTL_ENABLE_DEBUG_INFO = INCLUDE_SOURCE;
				MTL_FAST_MATH = YES;
				ONLY_ACTIVE_ARCH = YES;
				SDKROOT = iphoneos;
				SWIFT_ACTIVE_COMPILATION_CONDITIONS = DEBUG;
				SWIFT_OPTIMIZATION_LEVEL = "-Onone";
			};
			name = Debug;
		};
		C33AD759264B6D1600AD8BBC /* Release */ = {
			isa = XCBuildConfiguration;
			buildSettings = {
				ALWAYS_SEARCH_USER_PATHS = NO;
				CLANG_ANALYZER_NONNULL = YES;
				CLANG_ANALYZER_NUMBER_OBJECT_CONVERSION = YES_AGGRESSIVE;
				CLANG_CXX_LANGUAGE_STANDARD = "gnu++14";
				CLANG_CXX_LIBRARY = "libc++";
				CLANG_ENABLE_MODULES = YES;
				CLANG_ENABLE_OBJC_ARC = YES;
				CLANG_ENABLE_OBJC_WEAK = YES;
				CLANG_WARN_BLOCK_CAPTURE_AUTORELEASING = YES;
				CLANG_WARN_BOOL_CONVERSION = YES;
				CLANG_WARN_COMMA = YES;
				CLANG_WARN_CONSTANT_CONVERSION = YES;
				CLANG_WARN_DEPRECATED_OBJC_IMPLEMENTATIONS = YES;
				CLANG_WARN_DIRECT_OBJC_ISA_USAGE = YES_ERROR;
				CLANG_WARN_DOCUMENTATION_COMMENTS = YES;
				CLANG_WARN_EMPTY_BODY = YES;
				CLANG_WARN_ENUM_CONVERSION = YES;
				CLANG_WARN_INFINITE_RECURSION = YES;
				CLANG_WARN_INT_CONVERSION = YES;
				CLANG_WARN_NON_LITERAL_NULL_CONVERSION = YES;
				CLANG_WARN_OBJC_IMPLICIT_RETAIN_SELF = YES;
				CLANG_WARN_OBJC_LITERAL_CONVERSION = YES;
				CLANG_WARN_OBJC_ROOT_CLASS = YES_ERROR;
				CLANG_WARN_QUOTED_INCLUDE_IN_FRAMEWORK_HEADER = YES;
				CLANG_WARN_RANGE_LOOP_ANALYSIS = YES;
				CLANG_WARN_STRICT_PROTOTYPES = YES;
				CLANG_WARN_SUSPICIOUS_MOVE = YES;
				CLANG_WARN_UNGUARDED_AVAILABILITY = YES_AGGRESSIVE;
				CLANG_WARN_UNREACHABLE_CODE = YES;
				CLANG_WARN__DUPLICATE_METHOD_MATCH = YES;
				COPY_PHASE_STRIP = NO;
				DEBUG_INFORMATION_FORMAT = "dwarf-with-dsym";
				ENABLE_NS_ASSERTIONS = NO;
				ENABLE_STRICT_OBJC_MSGSEND = YES;
				GCC_C_LANGUAGE_STANDARD = gnu11;
				GCC_NO_COMMON_BLOCKS = YES;
				GCC_WARN_64_TO_32_BIT_CONVERSION = YES;
				GCC_WARN_ABOUT_RETURN_TYPE = YES_ERROR;
				GCC_WARN_UNDECLARED_SELECTOR = YES;
				GCC_WARN_UNINITIALIZED_AUTOS = YES_AGGRESSIVE;
				GCC_WARN_UNUSED_FUNCTION = YES;
				GCC_WARN_UNUSED_VARIABLE = YES;
				IPHONEOS_DEPLOYMENT_TARGET = 14.5;
				MTL_ENABLE_DEBUG_INFO = NO;
				MTL_FAST_MATH = YES;
				SDKROOT = iphoneos;
				SWIFT_COMPILATION_MODE = wholemodule;
				SWIFT_OPTIMIZATION_LEVEL = "-O";
				VALIDATE_PRODUCT = YES;
			};
			name = Release;
		};
		C33AD75B264B6D1600AD8BBC /* Debug */ = {
			isa = XCBuildConfiguration;
			buildSettings = {
				ASSETCATALOG_COMPILER_APPICON_NAME = AppIcon;
				ASSETCATALOG_COMPILER_GLOBAL_ACCENT_COLOR_NAME = AccentColor;
				CODE_SIGN_STYLE = Automatic;
				DEVELOPMENT_ASSET_PATHS = "\"Order and Expense/Preview Content\"";
				DEVELOPMENT_TEAM = 3TG7BRW6SK;
				ENABLE_PREVIEWS = YES;
				INFOPLIST_FILE = "Order and Expense/Info.plist";
				IPHONEOS_DEPLOYMENT_TARGET = 14.0;
				LD_RUNPATH_SEARCH_PATHS = (
					"$(inherited)",
					"@executable_path/Frameworks",
				);
				PRODUCT_BUNDLE_IDENTIFIER = "JordanWilliams.Order-and-Expense";
				PRODUCT_NAME = "$(TARGET_NAME)";
				SWIFT_VERSION = 5.0;
				TARGETED_DEVICE_FAMILY = "1,2";
			};
			name = Debug;
		};
		C33AD75C264B6D1600AD8BBC /* Release */ = {
			isa = XCBuildConfiguration;
			buildSettings = {
				ASSETCATALOG_COMPILER_APPICON_NAME = AppIcon;
				ASSETCATALOG_COMPILER_GLOBAL_ACCENT_COLOR_NAME = AccentColor;
				CODE_SIGN_STYLE = Automatic;
				DEVELOPMENT_ASSET_PATHS = "\"Order and Expense/Preview Content\"";
				DEVELOPMENT_TEAM = 3TG7BRW6SK;
				ENABLE_PREVIEWS = YES;
				INFOPLIST_FILE = "Order and Expense/Info.plist";
				IPHONEOS_DEPLOYMENT_TARGET = 14.0;
				LD_RUNPATH_SEARCH_PATHS = (
					"$(inherited)",
					"@executable_path/Frameworks",
				);
				PRODUCT_BUNDLE_IDENTIFIER = "JordanWilliams.Order-and-Expense";
				PRODUCT_NAME = "$(TARGET_NAME)";
				SWIFT_VERSION = 5.0;
				TARGETED_DEVICE_FAMILY = "1,2";
			};
			name = Release;
		};
		C33AD75E264B6D1600AD8BBC /* Debug */ = {
			isa = XCBuildConfiguration;
			buildSettings = {
				ALWAYS_EMBED_SWIFT_STANDARD_LIBRARIES = YES;
				BUNDLE_LOADER = "$(TEST_HOST)";
				CODE_SIGN_STYLE = Automatic;
				DEVELOPMENT_TEAM = 3TG7BRW6SK;
				INFOPLIST_FILE = "Order and ExpenseTests/Info.plist";
				IPHONEOS_DEPLOYMENT_TARGET = 14.0;
				LD_RUNPATH_SEARCH_PATHS = (
					"$(inherited)",
					"@executable_path/Frameworks",
					"@loader_path/Frameworks",
				);
				PRODUCT_BUNDLE_IDENTIFIER = "JordanWilliams.Order-and-ExpenseTests";
				PRODUCT_NAME = "$(TARGET_NAME)";
				SWIFT_VERSION = 5.0;
				TARGETED_DEVICE_FAMILY = "1,2";
				TEST_HOST = "$(BUILT_PRODUCTS_DIR)/Order and Expense.app/Order and Expense";
			};
			name = Debug;
		};
		C33AD75F264B6D1600AD8BBC /* Release */ = {
			isa = XCBuildConfiguration;
			buildSettings = {
				ALWAYS_EMBED_SWIFT_STANDARD_LIBRARIES = YES;
				BUNDLE_LOADER = "$(TEST_HOST)";
				CODE_SIGN_STYLE = Automatic;
				DEVELOPMENT_TEAM = 3TG7BRW6SK;
				INFOPLIST_FILE = "Order and ExpenseTests/Info.plist";
				IPHONEOS_DEPLOYMENT_TARGET = 14.0;
				LD_RUNPATH_SEARCH_PATHS = (
					"$(inherited)",
					"@executable_path/Frameworks",
					"@loader_path/Frameworks",
				);
				PRODUCT_BUNDLE_IDENTIFIER = "JordanWilliams.Order-and-ExpenseTests";
				PRODUCT_NAME = "$(TARGET_NAME)";
				SWIFT_VERSION = 5.0;
				TARGETED_DEVICE_FAMILY = "1,2";
				TEST_HOST = "$(BUILT_PRODUCTS_DIR)/Order and Expense.app/Order and Expense";
			};
			name = Release;
		};
		C33AD761264B6D1600AD8BBC /* Debug */ = {
			isa = XCBuildConfiguration;
			buildSettings = {
				ALWAYS_EMBED_SWIFT_STANDARD_LIBRARIES = YES;
				CODE_SIGN_STYLE = Automatic;
				DEVELOPMENT_TEAM = 3TG7BRW6SK;
				INFOPLIST_FILE = "Order and ExpenseUITests/Info.plist";
				LD_RUNPATH_SEARCH_PATHS = (
					"$(inherited)",
					"@executable_path/Frameworks",
					"@loader_path/Frameworks",
				);
				PRODUCT_BUNDLE_IDENTIFIER = "JordanWilliams.Order-and-ExpenseUITests";
				PRODUCT_NAME = "$(TARGET_NAME)";
				SWIFT_VERSION = 5.0;
				TARGETED_DEVICE_FAMILY = "1,2";
				TEST_TARGET_NAME = "Order and Expense";
			};
			name = Debug;
		};
		C33AD762264B6D1600AD8BBC /* Release */ = {
			isa = XCBuildConfiguration;
			buildSettings = {
				ALWAYS_EMBED_SWIFT_STANDARD_LIBRARIES = YES;
				CODE_SIGN_STYLE = Automatic;
				DEVELOPMENT_TEAM = 3TG7BRW6SK;
				INFOPLIST_FILE = "Order and ExpenseUITests/Info.plist";
				LD_RUNPATH_SEARCH_PATHS = (
					"$(inherited)",
					"@executable_path/Frameworks",
					"@loader_path/Frameworks",
				);
				PRODUCT_BUNDLE_IDENTIFIER = "JordanWilliams.Order-and-ExpenseUITests";
				PRODUCT_NAME = "$(TARGET_NAME)";
				SWIFT_VERSION = 5.0;
				TARGETED_DEVICE_FAMILY = "1,2";
				TEST_TARGET_NAME = "Order and Expense";
			};
			name = Release;
		};
/* End XCBuildConfiguration section */

/* Begin XCConfigurationList section */
		C33AD730264B6D1400AD8BBC /* Build configuration list for PBXProject "Order and Expense" */ = {
			isa = XCConfigurationList;
			buildConfigurations = (
				C33AD758264B6D1600AD8BBC /* Debug */,
				C33AD759264B6D1600AD8BBC /* Release */,
			);
			defaultConfigurationIsVisible = 0;
			defaultConfigurationName = Release;
		};
		C33AD75A264B6D1600AD8BBC /* Build configuration list for PBXNativeTarget "Order and Expense" */ = {
			isa = XCConfigurationList;
			buildConfigurations = (
				C33AD75B264B6D1600AD8BBC /* Debug */,
				C33AD75C264B6D1600AD8BBC /* Release */,
			);
			defaultConfigurationIsVisible = 0;
			defaultConfigurationName = Release;
		};
		C33AD75D264B6D1600AD8BBC /* Build configuration list for PBXNativeTarget "Order and ExpenseTests" */ = {
			isa = XCConfigurationList;
			buildConfigurations = (
				C33AD75E264B6D1600AD8BBC /* Debug */,
				C33AD75F264B6D1600AD8BBC /* Release */,
			);
			defaultConfigurationIsVisible = 0;
			defaultConfigurationName = Release;
		};
		C33AD760264B6D1600AD8BBC /* Build configuration list for PBXNativeTarget "Order and ExpenseUITests" */ = {
			isa = XCConfigurationList;
			buildConfigurations = (
				C33AD761264B6D1600AD8BBC /* Debug */,
				C33AD762264B6D1600AD8BBC /* Release */,
			);
			defaultConfigurationIsVisible = 0;
			defaultConfigurationName = Release;
		};
/* End XCConfigurationList section */
	};
	rootObject = C33AD72D264B6D1400AD8BBC /* Project object */;
}
